
Microsoft Visual Studio Solution File, Format Version 12.00
# Visual Studio Version 16
VisualStudioVersion = 16.0.31410.357
MinimumVisualStudioVersion = 10.0.40219.1
Project("{FAE04EC0-301F-11D3-BF4B-00C04F79EFBC}") = "AddressBook", "AddressBook\AddressBook.csproj", "{BFF5930A-6ED8-45E2-BC0B-FC5A2FD34350}"
EndProject
Global
	GlobalSection(SolutionConfigurationPlatforms) = preSolution
		Debug|Any CPU = Debug|Any CPU
		Release|Any CPU = Release|Any CPU
	EndGlobalSection
	GlobalSection(ProjectConfigurationPlatforms) = postSolution
		{BFF5930A-6ED8-45E2-BC0B-FC5A2FD34350}.Debug|Any CPU.ActiveCfg = Debug|Any CPU
		{BFF5930A-6ED8-45E2-BC0B-FC5A2FD34350}.Debug|Any CPU.Build.0 = Debug|Any CPU
		{BFF5930A-6ED8-45E2-BC0B-FC5A2FD34350}.Release|Any CPU.ActiveCfg = Release|Any CPU
		{BFF5930A-6ED8-45E2-BC0B-FC5A2FD34350}.Release|Any CPU.Build.0 = Release|Any CPU
	EndGlobalSection
	GlobalSection(SolutionProperties) = preSolution
		HideSolutionNode = FALSE
	EndGlobalSection
	GlobalSection(ExtensibilityGlobals) = postSolution
		SolutionGuid = {B3139EC8-1FA1-4DAE-AA65-C22630D6A327}
	EndGlobalSection
EndGlobal
